
Microsoft Visual Studio Solution File, Format Version 12.00
# Visual Studio Version 17
VisualStudioVersion = 17.0.32126.317
MinimumVisualStudioVersion = 10.0.40219.1
Project("{FAE04EC0-301F-11D3-BF4B-00C04F79EFBC}") = "AddressBookOOPs", "AddressBookOOPs.csproj", "{FA03C520-2F1E-4F0F-BB17-638F152E99AB}"
EndProject
Global
	GlobalSection(SolutionConfigurationPlatforms) = preSolution
		Debug|Any CPU = Debug|Any CPU
		Release|Any CPU = Release|Any CPU
	EndGlobalSection
	GlobalSection(ProjectConfigurationPlatforms) = postSolution
		{FA03C520-2F1E-4F0F-BB17-638F152E99AB}.Debug|Any CPU.ActiveCfg = Debug|Any CPU
		{FA03C520-2F1E-4F0F-BB17-638F152E99AB}.Debug|Any CPU.Build.0 = Debug|Any CPU
		{FA03C520-2F1E-4F0F-BB17-638F152E99AB}.Release|Any CPU.ActiveCfg = Release|Any CPU
		{FA03C520-2F1E-4F0F-BB17-638F152E99AB}.Release|Any CPU.Build.0 = Release|Any CPU
	EndGlobalSection
	GlobalSection(SolutionProperties) = preSolution
		HideSolutionNode = FALSE
	EndGlobalSection
	GlobalSection(ExtensibilityGlobals) = postSolution
		SolutionGuid = {50A0411D-4FAE-4822-B4EC-8DDC844245F6}
	EndGlobalSection
EndGlobal
